{
    "_readme": [
        "This file locks the dependencies of your project to a known state",
        "Read more about it at http://getcomposer.org/doc/01-basic-usage.md#composer-lock-the-lock-file",
        "This file is @generated automatically"
    ],
    "hash": "99e33eeb89b9b6f78856509d39e11c0e",
    "packages": [
        {
            "name": "sabre/dav",
            "version": "dev-uri-normalize",
            "source": {
                "type": "git",
                "url": "https://github.com/fruux/sabre-dav.git",
                "reference": "1d077441cfd8f1b23b1b151188c42f67a7c49ede"
            },
            "dist": {
                "type": "zip",
                "url": "https://api.github.com/repos/fruux/sabre-dav/zipball/1d077441cfd8f1b23b1b151188c42f67a7c49ede",
                "reference": "1d077441cfd8f1b23b1b151188c42f67a7c49ede",
                "shasum": ""
            },
            "require": {
                "ext-ctype": "*",
                "ext-date": "*",
                "ext-dom": "*",
                "ext-iconv": "*",
                "ext-libxml": "*",
                "ext-mbstring": "*",
                "ext-pcre": "*",
                "ext-simplexml": "*",
                "ext-spl": "*",
                "php": ">=5.4.1",
                "sabre/event": "~2.0.0",
                "sabre/http": "~3.0.4",
                "sabre/uri": "dev-normalize as 0.0.2",
                "sabre/vobject": "~3.3.4"
            },
            "require-dev": {
                "evert/phpdoc-md": "~0.1.0",
                "phpunit/phpunit": "~4.2",
                "squizlabs/php_codesniffer": "~1.5.3"
            },
            "suggest": {
                "ext-curl": "*",
                "ext-pdo": "*"
            },
            "bin": [
                "bin/sabredav",
                "bin/naturalselection"
            ],
            "type": "library",
            "autoload": {
                "psr-4": {
                    "Sabre\\DAV\\": "lib/DAV/",
                    "Sabre\\DAVACL\\": "lib/DAVACL/",
                    "Sabre\\CalDAV\\": "lib/CalDAV/",
                    "Sabre\\CardDAV\\": "lib/CardDAV/"
                }
            },
            "notification-url": "https://packagist.org/downloads/",
            "license": [
                "BSD-3-Clause"
            ],
            "authors": [
                {
                    "name": "Evert Pot",
                    "email": "me@evertpot.com",
                    "homepage": "http://evertpot.com/",
                    "role": "Developer"
                }
            ],
            "description": "WebDAV Framework for PHP",
            "homepage": "http://sabre.io/",
            "keywords": [
                "CalDAV",
                "CardDAV",
                "WebDAV",
                "framework",
                "iCalendar"
            ],
            "time": "2015-01-26 23:26:29"
        },
        {
            "name": "sabre/event",
            "version": "2.0.1",
            "source": {
                "type": "git",
                "url": "https://github.com/fruux/sabre-event.git",
                "reference": "f33d60742d7dff63d3722d0f70016704bf32e8db"
            },
            "dist": {
                "type": "zip",
                "url": "https://api.github.com/repos/fruux/sabre-event/zipball/f33d60742d7dff63d3722d0f70016704bf32e8db",
                "reference": "f33d60742d7dff63d3722d0f70016704bf32e8db",
                "shasum": ""
            },
            "require": {
                "php": ">=5.4.1"
            },
            "type": "library",
            "autoload": {
                "psr-4": {
                    "Sabre\\Event\\": "lib/"
                }
            },
            "notification-url": "https://packagist.org/downloads/",
            "license": [
                "BSD-3-Clause"
            ],
            "authors": [
                {
                    "name": "Evert Pot",
                    "email": "me@evertpot.com",
                    "homepage": "http://evertpot.com/",
                    "role": "Developer"
                }
            ],
            "description": "sabre/event is a library for lightweight event-based programming",
            "homepage": "http://sabre.io/event/",
            "keywords": [
                "EventEmitter",
                "events",
                "hooks",
                "plugin",
                "promise",
                "signal"
            ],
            "time": "2014-10-06 23:26:48"
        },
        {
            "name": "sabre/http",
            "version": "dev-normalize-uri",
            "source": {
                "type": "git",
                "url": "https://github.com/fruux/sabre-http.git",
                "reference": "573ad7418cf10d7ca9dd0846df2950ff1bed83ff"
            },
            "dist": {
                "type": "zip",
                "url": "https://api.github.com/repos/fruux/sabre-http/zipball/573ad7418cf10d7ca9dd0846df2950ff1bed83ff",
                "reference": "573ad7418cf10d7ca9dd0846df2950ff1bed83ff",
                "shasum": ""
            },
            "require": {
                "ext-mbstring": "*",
                "php": ">=5.4",
                "sabre/event": ">=1.0.0,<3.0.0",
                "sabre/uri": "dev-normalize"
            },
            "require-dev": {
                "phpunit/phpunit": "*",
                "squizlabs/php_codesniffer": "~1.5.3"
            },
            "suggest": {
                "ext-curl": " to make http requests with the Client class"
            },
            "type": "library",
            "autoload": {
                "psr-4": {
                    "Sabre\\HTTP\\": "lib/"
                }
            },
            "notification-url": "https://packagist.org/downloads/",
            "license": [
                "BSD-3-Clause"
            ],
            "authors": [
                {
                    "name": "Evert Pot",
                    "email": "me@evertpot.com",
                    "homepage": "http://evertpot.com/",
                    "role": "Developer"
                }
            ],
            "description": "The sabre/http library provides utilities for dealing with http requests and responses. ",
            "homepage": "https://github.com/fruux/sabre-http",
            "keywords": [
                "http"
            ],
            "time": "2015-01-26 23:43:06"
        },
        {
            "name": "sabre/uri",
            "version": "dev-normalize",
            "source": {
                "type": "git",
                "url": "https://github.com/fruux/sabre-uri.git",
                "reference": "6376680ad5d9f15f32a913b3ff3211e46de0f129"
            },
            "dist": {
                "type": "zip",
                "url": "https://api.github.com/repos/fruux/sabre-uri/zipball/6376680ad5d9f15f32a913b3ff3211e46de0f129",
                "reference": "6376680ad5d9f15f32a913b3ff3211e46de0f129",
                "shasum": ""
            },
            "require": {
                "php": ">=5.4.7"
            },
            "require-dev": {
                "phpunit/phpunit": "*",
                "squizlabs/php_codesniffer": "*"
            },
            "type": "library",
            "autoload": {
                "files": [
                    "lib/functions.php"
                ],
                "psr-4": {
                    "Sabre\\Uri\\": "lib/"
                }
            },
            "notification-url": "https://packagist.org/downloads/",
            "license": [
                "BSD-3-Clause"
            ],
            "authors": [
                {
                    "name": "Evert Pot",
                    "email": "me@evertpot.com",
                    "homepage": "http://evertpot.com/",
                    "role": "Developer"
                }
            ],
            "description": "Functions that help with uris.",
            "homepage": "http://sabre.io/uri/",
            "keywords": [
                "rfc3986",
                "uri",
                "url"
            ],
            "time": "2015-01-26 23:12:55"
        },
        {
            "name": "sabre/vobject",
            "version": "3.3.5",
            "source": {
                "type": "git",
                "url": "https://github.com/fruux/sabre-vobject.git",
                "reference": "77cb636a5bde4c19d7522c2c548b258859ddd1ef"
            },
            "dist": {
                "type": "zip",
                "url": "https://api.github.com/repos/fruux/sabre-vobject/zipball/77cb636a5bde4c19d7522c2c548b258859ddd1ef",
                "reference": "77cb636a5bde4c19d7522c2c548b258859ddd1ef",
                "shasum": ""
            },
            "require": {
                "ext-mbstring": "*",
                "php": ">=5.3.1"
            },
            "require-dev": {
                "phpunit/phpunit": "*",
                "squizlabs/php_codesniffer": "*"
            },
            "bin": [
                "bin/vobject",
                "bin/generate_vcards"
            ],
            "type": "library",
            "extra": {
                "branch-alias": {
                    "dev-master": "3.2.x-dev"
                }
            },
            "autoload": {
                "psr-4": {
                    "Sabre\\VObject\\": "lib/"
                }
            },
            "notification-url": "https://packagist.org/downloads/",
            "license": [
                "BSD-3-Clause"
            ],
            "authors": [
                {
                    "name": "Evert Pot",
                    "email": "me@evertpot.com",
                    "homepage": "http://evertpot.com/",
                    "role": "Developer"
                },
                {
                    "name": "Dominik Tobschall",
                    "email": "dominik@fruux.com",
                    "homepage": "http://tobschall.de/",
                    "role": "Developer"
                }
            ],
            "description": "The VObject library for PHP allows you to easily parse and manipulate iCalendar and vCard objects",
            "homepage": "http://sabre.io/vobject/",
            "keywords": [
                "VObject",
                "iCalendar",
                "jCal",
                "jCard",
                "vCard"
            ],
            "time": "2015-01-10 00:54:52"
        }
    ],
    "packages-dev": [],
    "aliases": [
        {
            "alias": "3.0.5",
            "alias_normalized": "3.0.5.0",
            "version": "dev-normalize-uri",
            "package": "sabre/http"
        }
    ],
    "minimum-stability": "stable",
    "stability-flags": {
        "sabre/dav": 20,
        "sabre/uri": 20,
        "sabre/http": 20
    },
    "prefer-stable": false,
    "prefer-lowest": false,
    "platform": [],
    "platform-dev": []
}
